{
  "nodes": {
    "nixpkgs": {
      "locked": {
        "lastModified": 1788160686,
        "narHash": "sha256-KtMzegh9qItdefS12YbDRCizLjYSkCPXIDZMail05as=",
        "owner": "NixOS",
        "repo": "nixpkgs",
        "rev": "597647d3b728353852b73cd8d75bbd8a7cb4ff67",
        "type": "github"
      },
      "original": {
        "owner": "NixOS",
        "ref": "nixos-unstable-small",
        "repo": "nixpkgs",
        "type": "github"
      }
    },
    "root": {
      "inputs": {
        "nixpkgs": "nixpkgs"
      }
    }
  },
  "root": "root",
  "version": 7
}
